
Microsoft Visual Studio Solution File, Format Version 12.00
# Visual Studio Version 17
VisualStudioVersion = 17.14.36518.9 d17.14
MinimumVisualStudioVersion = 10.0.40219.1
Project("{FAE04EC0-301F-11D3-BF4B-00C04F79EFBC}") = "ProyectoIker", "ProyectoIker\ProyectoIker.csproj", "{9D026360-2A51-4B63-A826-40B923D4D996}"
EndProject
Global
	GlobalSection(SolutionConfigurationPlatforms) = preSolution
		Debug|Any CPU = Debug|Any CPU
		Release|Any CPU = Release|Any CPU
	EndGlobalSection
	GlobalSection(ProjectConfigurationPlatforms) = postSolution
		{9D026360-2A51-4B63-A826-40B923D4D996}.Debug|Any CPU.ActiveCfg = Debug|Any CPU
		{9D026360-2A51-4B63-A826-40B923D4D996}.Debug|Any CPU.Build.0 = Debug|Any CPU
		{9D026360-2A51-4B63-A826-40B923D4D996}.Release|Any CPU.ActiveCfg = Release|Any CPU
		{9D026360-2A51-4B63-A826-40B923D4D996}.Release|Any CPU.Build.0 = Release|Any CPU
	EndGlobalSection
	GlobalSection(SolutionProperties) = preSolution
		HideSolutionNode = FALSE
	EndGlobalSection
	GlobalSection(ExtensibilityGlobals) = postSolution
		SolutionGuid = {7E98E272-D5F9-400E-A43D-47BABCBCA10B}
	EndGlobalSection
EndGlobal
